// !$*UTF8*$!
{
	archiveVersion = 1;
	classes = {
	};
	objectVersion = 46;
	objects = {

/* Begin PBXBuildFile section */
		569226641C586F25004ED3B3 /* AppDelegate.swift in Sources */ = {isa = PBXBuildFile; fileRef = 569226631C586F25004ED3B3 /* AppDelegate.swift */; };
		569226681C586F25004ED3B3 /* GameScene.swift in Sources */ = {isa = PBXBuildFile; fileRef = 569226671C586F25004ED3B3 /* GameScene.swift */; };
		5692266A1C586F25004ED3B3 /* GameViewController.swift in Sources */ = {isa = PBXBuildFile; fileRef = 569226691C586F25004ED3B3 /* GameViewController.swift */; };
		5692266D1C586F25004ED3B3 /* Main.storyboard in Resources */ = {isa = PBXBuildFile; fileRef = 5692266B1C586F25004ED3B3 /* Main.storyboard */; };
		5692266F1C586F25004ED3B3 /* Assets.xcassets in Resources */ = {isa = PBXBuildFile; fileRef = 5692266E1C586F25004ED3B3 /* Assets.xcassets */; };
		569226721C586F25004ED3B3 /* LaunchScreen.storyboard in Resources */ = {isa = PBXBuildFile; fileRef = 569226701C586F25004ED3B3 /* LaunchScreen.storyboard */; };
		569226AC1C587D67004ED3B3 /* Define.swift in Sources */ = {isa = PBXBuildFile; fileRef = 569226AB1C587D67004ED3B3 /* Define.swift */; };
/* End PBXBuildFile section */

/* Begin PBXFileReference section */
		569226601C586F25004ED3B3 /* Flappy Bird.app */ = {isa = PBXFileReference; explicitFileType = wrapper.application; includeInIndex = 0; path = "Flappy Bird.app"; sourceTree = BUILT_PRODUCTS_DIR; };
		569226631C586F25004ED3B3 /* AppDelegate.swift */ = {isa = PBXFileReference; lastKnownFileType = sourcecode.swift; path = AppDelegate.swift; sourceTree = "<group>"; };
		569226671C586F25004ED3B3 /* GameScene.swift */ = {isa = PBXFileReference; lastKnownFileType = sourcecode.swift; path = GameScene.swift; sourceTree = "<group>"; };
		569226691C586F25004ED3B3 /* GameViewController.swift */ = {isa = PBXFileReference; lastKnownFileType = sourcecode.swift; path = GameViewController.swift; sourceTree = "<group>"; };
		5692266C1C586F25004ED3B3 /* Base */ = {isa = PBXFileReference; lastKnownFileType = file.storyboard; name = Base; path = Base.lproj/Main.storyboard; sourceTree = "<group>"; };
		5692266E1C586F25004ED3B3 /* Assets.xcassets */ = {isa = PBXFileReference; lastKnownFileType = folder.assetcatalog; path = Assets.xcassets; sourceTree = "<group>"; };
		569226711C586F25004ED3B3 /* Base */ = {isa = PBXFileReference; lastKnownFileType = file.storyboard; name = Base; path = Base.lproj/LaunchScreen.storyboard; sourceTree = "<group>"; };
		569226731C586F25004ED3B3 /* Info.plist */ = {isa = PBXFileReference; lastKnownFileType = text.plist.xml; path = Info.plist; sourceTree = "<group>"; };
		569226AB1C587D67004ED3B3 /* Define.swift */ = {isa = PBXFileReference; fileEncoding = 4; lastKnownFileType = sourcecode.swift; path = Define.swift; sourceTree = "<group>"; };
/* End PBXFileReference section */

/* Begin PBXFrameworksBuildPhase section */
		5692265D1C586F25004ED3B3 /* Frameworks */ = {
			isa = PBXFrameworksBuildPhase;
			buildActionMask = 2147483647;
			files = (
			);
			runOnlyForDeploymentPostprocessing = 0;
		};
/* End PBXFrameworksBuildPhase section */

/* Begin PBXGroup section */
		569226571C586F25004ED3B3 = {
			isa = PBXGroup;
			children = (
				569226621C586F25004ED3B3 /* myFlyBird */,
				569226611C586F25004ED3B3 /* Products */,
			);
			sourceTree = "<group>";
		};
		569226611C586F25004ED3B3 /* Products */ = {
			isa = PBXGroup;
			children = (
				569226601C586F25004ED3B3 /* Flappy Bird.app */,
			);
			name = Products;
			sourceTree = "<group>";
		};
		569226621C586F25004ED3B3 /* myFlyBird */ = {
			isa = PBXGroup;
			children = (
				569226631C586F25004ED3B3 /* AppDelegate.swift */,
				569226671C586F25004ED3B3 /* GameScene.swift */,
				569226691C586F25004ED3B3 /* GameViewController.swift */,
				5692266B1C586F25004ED3B3 /* Main.storyboard */,
				5692266E1C586F25004ED3B3 /* Assets.xcassets */,
				569226701C586F25004ED3B3 /* LaunchScreen.storyboard */,
				569226731C586F25004ED3B3 /* Info.plist */,
				569226AB1C587D67004ED3B3 /* Define.swift */,
			);
			path = myFlyBird;
			sourceTree = "<group>";
		};
/* End PBXGroup section */

/* Begin PBXNativeTarget section */
		5692265F1C586F25004ED3B3 /* myFlyBird */ = {
			isa = PBXNativeTarget;
			buildConfigurationList = 569226761C586F25004ED3B3 /* Build configuration list for PBXNativeTarget "myFlyBird" */;
			buildPhases = (
				5692265C1C586F25004ED3B3 /* Sources */,
				5692265D1C586F25004ED3B3 /* Frameworks */,
				5692265E1C586F25004ED3B3 /* Resources */,
			);
			buildRules = (
			);
			dependencies = (
			);
			name = myFlyBird;
			productName = myFlyBird;
			productReference = 569226601C586F25004ED3B3 /* Flappy Bird.app */;
			productType = "com.apple.product-type.application";
		};
/* End PBXNativeTarget section */

/* Begin PBXProject section */
		569226581C586F25004ED3B3 /* Project object */ = {
			isa = PBXProject;
			attributes = {
				LastSwiftUpdateCheck = 0720;
				LastUpgradeCheck = 0720;
				ORGANIZATIONNAME = Linsw;
				TargetAttributes = {
					5692265F1C586F25004ED3B3 = {
						CreatedOnToolsVersion = 7.2;
						DevelopmentTeam = 4F6NMKB449;
					};
				};
			};
			buildConfigurationList = 5692265B1C586F25004ED3B3 /* Build configuration list for PBXProject "myFlyBird" */;
			compatibilityVersion = "Xcode 3.2";
			developmentRegion = English;
			hasScannedForEncodings = 0;
			knownRegions = (
				en,
				Base,
			);
			mainGroup = 569226571C586F25004ED3B3;
			productRefGroup = 569226611C586F25004ED3B3 /* Products */;
			projectDirPath = "";
			projectRoot = "";
			targets = (
				5692265F1C586F25004ED3B3 /* myFlyBird */,
			);
		};
/* End PBXProject section */

/* Begin PBXResourcesBuildPhase section */
		5692265E1C586F25004ED3B3 /* Resources */ = {
			isa = PBXResourcesBuildPhase;
			buildActionMask = 2147483647;
			files = (
				569226721C586F25004ED3B3 /* LaunchScreen.storyboard in Resources */,
				5692266F1C586F25004ED3B3 /* Assets.xcassets in Resources */,
				5692266D1C586F25004ED3B3 /* Main.storyboard in Resources */,
			);
			runOnlyForDeploymentPostprocessing = 0;
		};
/* End PBXResourcesBuildPhase section */

/* Begin PBXSourcesBuildPhase section */
		5692265C1C586F25004ED3B3 /* Sources */ = {
			isa = PBXSourcesBuildPhase;
			buildActionMask = 2147483647;
			files = (
				569226681C586F25004ED3B3 /* GameScene.swift in Sources */,
				5692266A1C586F25004ED3B3 /* GameViewController.swift in Sources */,
				569226AC1C587D67004ED3B3 /* Define.swift in Sources */,
				569226641C586F25004ED3B3 /* AppDelegate.swift in Sources */,
			);
			runOnlyForDeploymentPostprocessing = 0;
		};
/* End PBXSourcesBuildPhase section */

/* Begin PBXVariantGroup section */
		5692266B1C586F25004ED3B3 /* Main.storyboard */ = {
			isa = PBXVariantGroup;
			children = (
				5692266C1C586F25004ED3B3 /* Base */,
			);
			name = Main.storyboard;
			sourceTree = "<group>";
		};
		569226701C586F25004ED3B3 /* LaunchScreen.storyboard */ = {
			isa = PBXVariantGroup;
			children = (
				569226711C586F25004ED3B3 /* Base */,
			);
			name = LaunchScreen.storyboard;
			sourceTree = "<group>";
		};
/* End PBXVariantGroup section */

/* Begin XCBuildConfiguration section */
		569226741C586F25004ED3B3 /* Debug */ = {
			isa = XCBuildConfiguration;
			buildSettings = {
				ALWAYS_SEARCH_USER_PATHS = NO;
				CLANG_CXX_LANGUAGE_STANDARD = "gnu++0x";
				CLANG_CXX_LIBRARY = "libc++";
				CLANG_ENABLE_MODULES = YES;
				CLANG_ENABLE_OBJC_ARC = YES;
				CLANG_WARN_BOOL_CONVERSION = YES;
				CLANG_WARN_CONSTANT_CONVERSION = YES;
				CLANG_WARN_DIRECT_OBJC_ISA_USAGE = YES_ERROR;
				CLANG_WARN_EMPTY_BODY = YES;
				CLANG_WARN_ENUM_CONVERSION = YES;
				CLANG_WARN_INT_CONVERSION = YES;
				CLANG_WARN_OBJC_ROOT_CLASS = YES_ERROR;
				CLANG_WARN_UNREACHABLE_CODE = YES;
				CLANG_WARN__DUPLICATE_METHOD_MATCH = YES;
				"CODE_SIGN_IDENTITY[sdk=iphoneos*]" = "iPhone Developer";
				COPY_PHASE_STRIP = NO;
				DEBUG_INFORMATION_FORMAT = "dwarf-with-dsym";
				ENABLE_STRICT_OBJC_MSGSEND = YES;
				ENABLE_TESTABILITY = YES;
				GCC_C_LANGUAGE_STANDARD = gnu99;
				GCC_DYNAMIC_NO_PIC = NO;
				GCC_NO_COMMON_BLOCKS = YES;
				GCC_OPTIMIZATION_LEVEL = 0;
				GCC_PREPROCESSOR_DEFINITIONS = (
					"DEBUG=1",
					"$(inherited)",
				);
				GCC_WARN_64_TO_32_BIT_CONVERSION = YES;
				GCC_WARN_ABOUT_RETURN_TYPE = YES_ERROR;
				GCC_WARN_UNDECLARED_SELECTOR = YES;
				GCC_WARN_UNINITIALIZED_AUTOS = YES_AGGRESSIVE;
				GCC_WARN_UNUSED_FUNCTION = YES;
				GCC_WARN_UNUSED_VARIABLE = YES;
				IPHONEOS_DEPLOYMENT_TARGET = 9.2;
				MTL_ENABLE_DEBUG_INFO = YES;
				ONLY_ACTIVE_ARCH = YES;
				SDKROOT = iphoneos;
				SWIFT_OPTIMIZATION_LEVEL = "-Onone";
				TARGETED_DEVICE_FAMILY = "1,2";
			};
			name = Debug;
		};
		569226751C586F25004ED3B3 /* Release */ = {
			isa = XCBuildConfiguration;
			buildSettings = {
				ALWAYS_SEARCH_USER_PATHS = NO;
				CLANG_CXX_LANGUAGE_STANDARD = "gnu++0x";
				CLANG_CXX_LIBRARY = "libc++";
				CLANG_ENABLE_MODULES = YES;
				CLANG_ENABLE_OBJC_ARC = YES;
				CLANG_WARN_BOOL_CONVERSION = YES;
				CLANG_WARN_CONSTANT_CONVERSION = YES;
				CLANG_WARN_DIRECT_OBJC_ISA_USAGE = YES_ERROR;
				CLANG_WARN_EMPTY_BODY = YES;
				CLANG_WARN_ENUM_CONVERSION = YES;
				CLANG_WARN_INT_CONVERSION = YES;
				CLANG_WARN_OBJC_ROOT_CLASS = YES_ERROR;
				CLANG_WARN_UNREACHABLE_CODE = YES;
				CLANG_WARN__DUPLICATE_METHOD_MATCH = YES;
				"CODE_SIGN_IDENTITY[sdk=iphoneos*]" = "iPhone Developer";
				COPY_PHASE_STRIP = NO;
				DEBUG_INFORMATION_FORMAT = "dwarf-with-dsym";
				ENABLE_NS_ASSERTIONS = NO;
				ENABLE_STRICT_OBJC_MSGSEND = YES;
				GCC_C_LANGUAGE_STANDARD = gnu99;
				GCC_NO_COMMON_BLOCKS = YES;
				GCC_WARN_64_TO_32_BIT_CONVERSION = YES;
				GCC_WARN_ABOUT_RETURN_TYPE = YES_ERROR;
				GCC_WARN_UNDECLARED_SELECTOR = YES;
				GCC_WARN_UNINITIALIZED_AUTOS = YES_AGGRESSIVE;
				GCC_WARN_UNUSED_FUNCTION = YES;
				GCC_WARN_UNUSED_VARIABLE = YES;
				IPHONEOS_DEPLOYMENT_TARGET = 9.2;
				MTL_ENABLE_DEBUG_INFO = NO;
				SDKROOT = iphoneos;
				TARGETED_DEVICE_FAMILY = "1,2";
				VALIDATE_PRODUCT = YES;
			};
			name = Release;
		};
		569226771C586F25004ED3B3 /* Debug */ = {
			isa = XCBuildConfiguration;
			buildSettings = {
				ASSETCATALOG_COMPILER_APPICON_NAME = AppIcon;
				INFOPLIST_FILE = myFlyBird/Info.plist;
				LD_RUNPATH_SEARCH_PATHS = "$(inherited) @executable_path/Frameworks";
				PRODUCT_BUNDLE_IDENTIFIER = lsw.self.flappybird;
				PRODUCT_NAME = "Flappy Bird";
				TARGETED_DEVICE_FAMILY = 2;
			};
			name = Debug;
		};
		569226781C586F25004ED3B3 /* Release */ = {
			isa = XCBuildConfiguration;
			buildSettings = {
				ASSETCATALOG_COMPILER_APPICON_NAME = AppIcon;
				INFOPLIST_FILE = myFlyBird/Info.plist;
				LD_RUNPATH_SEARCH_PATHS = "$(inherited) @executable_path/Frameworks";
				PRODUCT_BUNDLE_IDENTIFIER = lsw.self.flappybird;
				PRODUCT_NAME = "Flappy Bird";
				TARGETED_DEVICE_FAMILY = 2;
			};
			name = Release;
		};
/* End XCBuildConfiguration section */

/* Begin XCConfigurationList section */
		5692265B1C586F25004ED3B3 /* Build configuration list for PBXProject "myFlyBird" */ = {
			isa = XCConfigurationList;
			buildConfigurations = (
				569226741C586F25004ED3B3 /* Debug */,
				569226751C586F25004ED3B3 /* Release */,
			);
			defaultConfigurationIsVisible = 0;
			defaultConfigurationName = Release;
		};
		569226761C586F25004ED3B3 /* Build configuration list for PBXNativeTarget "myFlyBird" */ = {
			isa = XCConfigurationList;
			buildConfigurations = (
				569226771C586F25004ED3B3 /* Debug */,
				569226781C586F25004ED3B3 /* Release */,
			);
			defaultConfigurationIsVisible = 0;
			defaultConfigurationName = Release;
		};
/* End XCConfigurationList section */
	};
	rootObject = 569226581C586F25004ED3B3 /* Project object */;
}
